
Microsoft Visual Studio Solution File, Format Version 12.00
# Visual Studio Version 17
VisualStudioVersion = 17.9.34622.214
MinimumVisualStudioVersion = 10.0.40219.1
Project("{FAE04EC0-301F-11D3-BF4B-00C04F79EFBC}") = "Backend.Service", "Backend.Service\Backend.Service.csproj", "{BBCC66C5-C830-4E43-8FD2-8ACA3BBA3625}"
EndProject
Project("{2150E333-8FDC-42A3-9474-1A3956D46DE8}") = "Frontend.Service", "Frontend.Service", "{1C973F48-3B1D-4D45-AC53-1D2BD5C8E220}"
EndProject
Global
	GlobalSection(SolutionConfigurationPlatforms) = preSolution
		Debug|Any CPU = Debug|Any CPU
		Release|Any CPU = Release|Any CPU
	EndGlobalSection
	GlobalSection(ProjectConfigurationPlatforms) = postSolution
		{BBCC66C5-C830-4E43-8FD2-8ACA3BBA3625}.Debug|Any CPU.ActiveCfg = Debug|Any CPU
		{BBCC66C5-C830-4E43-8FD2-8ACA3BBA3625}.Debug|Any CPU.Build.0 = Debug|Any CPU
		{BBCC66C5-C830-4E43-8FD2-8ACA3BBA3625}.Release|Any CPU.ActiveCfg = Release|Any CPU
		{BBCC66C5-C830-4E43-8FD2-8ACA3BBA3625}.Release|Any CPU.Build.0 = Release|Any CPU
	EndGlobalSection
	GlobalSection(SolutionProperties) = preSolution
		HideSolutionNode = FALSE
	EndGlobalSection
	GlobalSection(ExtensibilityGlobals) = postSolution
		SolutionGuid = {A9CB10F5-824D-4D06-B5FA-85AF473841C1}
	EndGlobalSection
EndGlobal
